// !$*UTF8*$!
{
	archiveVersion = 1;
	classes = {
	};
	objectVersion = 46;
	objects = {

/* Begin PBXBuildFile section */
		AE9BA0D21BC827FD00A91BF6 /* main.cpp in Sources */ = {isa = PBXBuildFile; fileRef = AE9BA0D11BC827FD00A91BF6 /* main.cpp */; };
/* End PBXBuildFile section */

/* Begin PBXCopyFilesBuildPhase section */
		AE9BA0CC1BC827FD00A91BF6 /* CopyFiles */ = {
			isa = PBXCopyFilesBuildPhase;
			buildActionMask = 2147483647;
			dstPath = /usr/share/man/man1/;
			dstSubfolderSpec = 0;
			files = (
			);
			runOnlyForDeploymentPostprocessing = 1;
		};
/* End PBXCopyFilesBuildPhase section */

/* Begin PBXFileReference section */
		AE9BA0CE1BC827FD00A91BF6 /* Hackathon Game */ = {isa = PBXFileReference; explicitFileType = "compiled.mach-o.executable"; includeInIndex = 0; path = "Hackathon Game"; sourceTree = BUILT_PRODUCTS_DIR; };
		AE9BA0D11BC827FD00A91BF6 /* main.cpp */ = {isa = PBXFileReference; lastKnownFileType = sourcecode.cpp.cpp; path = main.cpp; sourceTree = "<group>"; };
/* End PBXFileReference section */

/* Begin PBXFrameworksBuildPhase section */
		AE9BA0CB1BC827FD00A91BF6 /* Frameworks */ = {
			isa = PBXFrameworksBuildPhase;
			buildActionMask = 2147483647;
			files = (
			);
			runOnlyForDeploymentPostprocessing = 0;
		};
/* End PBXFrameworksBuildPhase section */

/* Begin PBXGroup section */
		AE9BA0C51BC827FD00A91BF6 = {
			isa = PBXGroup;
			children = (
				AE9BA0D01BC827FD00A91BF6 /* Hackathon Game */,
				AE9BA0CF1BC827FD00A91BF6 /* Products */,
			);
			sourceTree = "<group>";
		};
		AE9BA0CF1BC827FD00A91BF6 /* Products */ = {
			isa = PBXGroup;
			children = (
				AE9BA0CE1BC827FD00A91BF6 /* Hackathon Game */,
			);
			name = Products;
			sourceTree = "<group>";
		};
		AE9BA0D01BC827FD00A91BF6 /* Hackathon Game */ = {
			isa = PBXGroup;
			children = (
				AE9BA0D11BC827FD00A91BF6 /* main.cpp */,
			);
			path = "Hackathon Game";
			sourceTree = "<group>";
		};
/* End PBXGroup section */

/* Begin PBXNativeTarget section */
		AE9BA0CD1BC827FD00A91BF6 /* Hackathon Game */ = {
			isa = PBXNativeTarget;
			buildConfigurationList = AE9BA0D51BC827FD00A91BF6 /* Build configuration list for PBXNativeTarget "Hackathon Game" */;
			buildPhases = (
				AE9BA0CA1BC827FD00A91BF6 /* Sources */,
				AE9BA0CB1BC827FD00A91BF6 /* Frameworks */,
				AE9BA0CC1BC827FD00A91BF6 /* CopyFiles */,
			);
			buildRules = (
			);
			dependencies = (
			);
			name = "Hackathon Game";
			productName = "Hackathon Game";
			productReference = AE9BA0CE1BC827FD00A91BF6 /* Hackathon Game */;
			productType = "com.apple.product-type.tool";
		};
/* End PBXNativeTarget section */

/* Begin PBXProject section */
		AE9BA0C61BC827FD00A91BF6 /* Project object */ = {
			isa = PBXProject;
			attributes = {
				LastUpgradeCheck = 0700;
				ORGANIZATIONNAME = WesHack;
				TargetAttributes = {
					AE9BA0CD1BC827FD00A91BF6 = {
						CreatedOnToolsVersion = 7.0.1;
					};
				};
			};
			buildConfigurationList = AE9BA0C91BC827FD00A91BF6 /* Build configuration list for PBXProject "Hackathon Game" */;
			compatibilityVersion = "Xcode 3.2";
			developmentRegion = English;
			hasScannedForEncodings = 0;
			knownRegions = (
				en,
			);
			mainGroup = AE9BA0C51BC827FD00A91BF6;
			productRefGroup = AE9BA0CF1BC827FD00A91BF6 /* Products */;
			projectDirPath = "";
			projectRoot = "";
			targets = (
				AE9BA0CD1BC827FD00A91BF6 /* Hackathon Game */,
			);
		};
/* End PBXProject section */

/* Begin PBXSourcesBuildPhase section */
		AE9BA0CA1BC827FD00A91BF6 /* Sources */ = {
			isa = PBXSourcesBuildPhase;
			buildActionMask = 2147483647;
			files = (
				AE9BA0D21BC827FD00A91BF6 /* main.cpp in Sources */,
			);
			runOnlyForDeploymentPostprocessing = 0;
		};
/* End PBXSourcesBuildPhase section */

/* Begin XCBuildConfiguration section */
		AE9BA0D31BC827FD00A91BF6 /* Debug */ = {
			isa = XCBuildConfiguration;
			buildSettings = {
				ALWAYS_SEARCH_USER_PATHS = NO;
				CLANG_CXX_LANGUAGE_STANDARD = "gnu++0x";
				CLANG_CXX_LIBRARY = "libc++";
				CLANG_ENABLE_MODULES = YES;
				CLANG_ENABLE_OBJC_ARC = YES;
				CLANG_WARN_BOOL_CONVERSION = YES;
				CLANG_WARN_CONSTANT_CONVERSION = YES;
				CLANG_WARN_DIRECT_OBJC_ISA_USAGE = YES_ERROR;
				CLANG_WARN_EMPTY_BODY = YES;
				CLANG_WARN_ENUM_CONVERSION = YES;
				CLANG_WARN_INT_CONVERSION = YES;
				CLANG_WARN_OBJC_ROOT_CLASS = YES_ERROR;
				CLANG_WARN_UNREACHABLE_CODE = YES;
				CLANG_WARN__DUPLICATE_METHOD_MATCH = YES;
				COPY_PHASE_STRIP = NO;
				DEBUG_INFORMATION_FORMAT = dwarf;
				ENABLE_STRICT_OBJC_MSGSEND = YES;
				ENABLE_TESTABILITY = YES;
				GCC_C_LANGUAGE_STANDARD = gnu99;
				GCC_DYNAMIC_NO_PIC = NO;
				GCC_NO_COMMON_BLOCKS = YES;
				GCC_OPTIMIZATION_LEVEL = 0;
				GCC_PREPROCESSOR_DEFINITIONS = (
					"DEBUG=1",
					"$(inherited)",
				);
				GCC_WARN_64_TO_32_BIT_CONVERSION = YES;
				GCC_WARN_ABOUT_RETURN_TYPE = YES_ERROR;
				GCC_WARN_UNDECLARED_SELECTOR = YES;
				GCC_WARN_UNINITIALIZED_AUTOS = YES_AGGRESSIVE;
				GCC_WARN_UNUSED_FUNCTION = YES;
				GCC_WARN_UNUSED_VARIABLE = YES;
				MACOSX_DEPLOYMENT_TARGET = 10.10;
				MTL_ENABLE_DEBUG_INFO = YES;
				ONLY_ACTIVE_ARCH = YES;
				SDKROOT = macosx;
			};
			name = Debug;
		};
		AE9BA0D41BC827FD00A91BF6 /* Release */ = {
			isa = XCBuildConfiguration;
			buildSettings = {
				ALWAYS_SEARCH_USER_PATHS = NO;
				CLANG_CXX_LANGUAGE_STANDARD = "gnu++0x";
				CLANG_CXX_LIBRARY = "libc++";
				CLANG_ENABLE_MODULES = YES;
				CLANG_ENABLE_OBJC_ARC = YES;
				CLANG_WARN_BOOL_CONVERSION = YES;
				CLANG_WARN_CONSTANT_CONVERSION = YES;
				CLANG_WARN_DIRECT_OBJC_ISA_USAGE = YES_ERROR;
				CLANG_WARN_EMPTY_BODY = YES;
				CLANG_WARN_ENUM_CONVERSION = YES;
				CLANG_WARN_INT_CONVERSION = YES;
				CLANG_WARN_OBJC_ROOT_CLASS = YES_ERROR;
				CLANG_WARN_UNREACHABLE_CODE = YES;
				CLANG_WARN__DUPLICATE_METHOD_MATCH = YES;
				COPY_PHASE_STRIP = NO;
				DEBUG_INFORMATION_FORMAT = "dwarf-with-dsym";
				ENABLE_NS_ASSERTIONS = NO;
				ENABLE_STRICT_OBJC_MSGSEND = YES;
				GCC_C_LANGUAGE_STANDARD = gnu99;
				GCC_NO_COMMON_BLOCKS = YES;
				GCC_WARN_64_TO_32_BIT_CONVERSION = YES;
				GCC_WARN_ABOUT_RETURN_TYPE = YES_ERROR;
				GCC_WARN_UNDECLARED_SELECTOR = YES;
				GCC_WARN_UNINITIALIZED_AUTOS = YES_AGGRESSIVE;
				GCC_WARN_UNUSED_FUNCTION = YES;
				GCC_WARN_UNUSED_VARIABLE = YES;
				MACOSX_DEPLOYMENT_TARGET = 10.10;
				MTL_ENABLE_DEBUG_INFO = NO;
				SDKROOT = macosx;
			};
			name = Release;
		};
		AE9BA0D61BC827FD00A91BF6 /* Debug */ = {
			isa = XCBuildConfiguration;
			buildSettings = {
				PRODUCT_NAME = "$(TARGET_NAME)";
			};
			name = Debug;
		};
		AE9BA0D71BC827FD00A91BF6 /* Release */ = {
			isa = XCBuildConfiguration;
			buildSettings = {
				PRODUCT_NAME = "$(TARGET_NAME)";
			};
			name = Release;
		};
/* End XCBuildConfiguration section */

/* Begin XCConfigurationList section */
		AE9BA0C91BC827FD00A91BF6 /* Build configuration list for PBXProject "Hackathon Game" */ = {
			isa = XCConfigurationList;
			buildConfigurations = (
				AE9BA0D31BC827FD00A91BF6 /* Debug */,
				AE9BA0D41BC827FD00A91BF6 /* Release */,
			);
			defaultConfigurationIsVisible = 0;
			defaultConfigurationName = Release;
		};
		AE9BA0D51BC827FD00A91BF6 /* Build configuration list for PBXNativeTarget "Hackathon Game" */ = {
			isa = XCConfigurationList;
			buildConfigurations = (
				AE9BA0D61BC827FD00A91BF6 /* Debug */,
				AE9BA0D71BC827FD00A91BF6 /* Release */,
			);
			defaultConfigurationIsVisible = 0;
		};
/* End XCConfigurationList section */
	};
	rootObject = AE9BA0C61BC827FD00A91BF6 /* Project object */;
}
